
Microsoft Visual Studio Solution File, Format Version 12.00
# Visual Studio Version 16
VisualStudioVersion = 16.0.30907.101
MinimumVisualStudioVersion = 10.0.40219.1
Project("{9A19103F-16F7-4668-BE54-9A1E7A4F7556}") = "Jeans.BaseData.WebApi", "Services\BaseDataService\Jeans.BaseData.WebApi\Jeans.BaseData.WebApi.csproj", "{978C5C65-3922-481D-A71F-49719CEC1F54}"
EndProject
Project("{9A19103F-16F7-4668-BE54-9A1E7A4F7556}") = "Jeans.Ocelot", "Gateways\Jeans.Ocelot\Jeans.Ocelot.csproj", "{9AA2FF31-5CA0-4C0D-B619-D5C08BB11E0B}"
EndProject
Project("{9A19103F-16F7-4668-BE54-9A1E7A4F7556}") = "Jeans.Ids4.Server", "Identity\Jeans.Ids4.Server\Jeans.Ids4.Server.csproj", "{99602768-2304-4CB4-BF35-9B3690E12231}"
EndProject
Project("{9A19103F-16F7-4668-BE54-9A1E7A4F7556}") = "Jeans.Jwt.Server", "Identity\Jeans.Jwt.Server\Jeans.Jwt.Server.csproj", "{0842F5A9-6080-4776-8D69-25D265531A09}"
EndProject
Project("{2150E333-8FDC-42A3-9474-1A3956D46DE8}") = "Gateways", "Gateways", "{55B6B6EB-397B-491F-97B6-D716588F88D7}"
EndProject
Project("{2150E333-8FDC-42A3-9474-1A3956D46DE8}") = "Identity", "Identity", "{322F6E5F-A047-475D-B6AE-69F6075C204F}"
EndProject
Project("{2150E333-8FDC-42A3-9474-1A3956D46DE8}") = "Client", "Client", "{716ED786-1EEB-44C0-9694-95DAF1912FCD}"
EndProject
Project("{2150E333-8FDC-42A3-9474-1A3956D46DE8}") = "Services", "Services", "{68D51426-7053-419F-9595-569076D7BDB3}"
EndProject
Project("{2150E333-8FDC-42A3-9474-1A3956D46DE8}") = "BaseDataService", "BaseDataService", "{D6DDDC8E-C2B4-466A-ACDA-773F65C958B7}"
EndProject
Project("{9A19103F-16F7-4668-BE54-9A1E7A4F7556}") = "Jeans.Cookie.Web", "Client\Jeans.Cookie.Web\Jeans.Cookie.Web.csproj", "{45183123-9901-4BC4-99AD-EBF33EEC6990}"
EndProject
Project("{FAE04EC0-301F-11D3-BF4B-00C04F79EFBC}") = "Jeans.Identity.Web", "Client\Jeans.Identity.Web\Jeans.Identity.Web.csproj", "{63017E03-35CB-46C1-9934-D2D231E81410}"
EndProject
Global
	GlobalSection(SolutionConfigurationPlatforms) = preSolution
		Debug|Any CPU = Debug|Any CPU
		Release|Any CPU = Release|Any CPU
	EndGlobalSection
	GlobalSection(ProjectConfigurationPlatforms) = postSolution
		{978C5C65-3922-481D-A71F-49719CEC1F54}.Debug|Any CPU.ActiveCfg = Debug|Any CPU
		{978C5C65-3922-481D-A71F-49719CEC1F54}.Debug|Any CPU.Build.0 = Debug|Any CPU
		{978C5C65-3922-481D-A71F-49719CEC1F54}.Release|Any CPU.ActiveCfg = Release|Any CPU
		{978C5C65-3922-481D-A71F-49719CEC1F54}.Release|Any CPU.Build.0 = Release|Any CPU
		{9AA2FF31-5CA0-4C0D-B619-D5C08BB11E0B}.Debug|Any CPU.ActiveCfg = Debug|Any CPU
		{9AA2FF31-5CA0-4C0D-B619-D5C08BB11E0B}.Debug|Any CPU.Build.0 = Debug|Any CPU
		{9AA2FF31-5CA0-4C0D-B619-D5C08BB11E0B}.Release|Any CPU.ActiveCfg = Release|Any CPU
		{9AA2FF31-5CA0-4C0D-B619-D5C08BB11E0B}.Release|Any CPU.Build.0 = Release|Any CPU
		{99602768-2304-4CB4-BF35-9B3690E12231}.Debug|Any CPU.ActiveCfg = Debug|Any CPU
		{99602768-2304-4CB4-BF35-9B3690E12231}.Debug|Any CPU.Build.0 = Debug|Any CPU
		{99602768-2304-4CB4-BF35-9B3690E12231}.Release|Any CPU.ActiveCfg = Release|Any CPU
		{99602768-2304-4CB4-BF35-9B3690E12231}.Release|Any CPU.Build.0 = Release|Any CPU
		{0842F5A9-6080-4776-8D69-25D265531A09}.Debug|Any CPU.ActiveCfg = Debug|Any CPU
		{0842F5A9-6080-4776-8D69-25D265531A09}.Debug|Any CPU.Build.0 = Debug|Any CPU
		{0842F5A9-6080-4776-8D69-25D265531A09}.Release|Any CPU.ActiveCfg = Release|Any CPU
		{0842F5A9-6080-4776-8D69-25D265531A09}.Release|Any CPU.Build.0 = Release|Any CPU
		{45183123-9901-4BC4-99AD-EBF33EEC6990}.Debug|Any CPU.ActiveCfg = Debug|Any CPU
		{45183123-9901-4BC4-99AD-EBF33EEC6990}.Debug|Any CPU.Build.0 = Debug|Any CPU
		{45183123-9901-4BC4-99AD-EBF33EEC6990}.Release|Any CPU.ActiveCfg = Release|Any CPU
		{45183123-9901-4BC4-99AD-EBF33EEC6990}.Release|Any CPU.Build.0 = Release|Any CPU
		{63017E03-35CB-46C1-9934-D2D231E81410}.Debug|Any CPU.ActiveCfg = Debug|Any CPU
		{63017E03-35CB-46C1-9934-D2D231E81410}.Debug|Any CPU.Build.0 = Debug|Any CPU
		{63017E03-35CB-46C1-9934-D2D231E81410}.Release|Any CPU.ActiveCfg = Release|Any CPU
		{63017E03-35CB-46C1-9934-D2D231E81410}.Release|Any CPU.Build.0 = Release|Any CPU
	EndGlobalSection
	GlobalSection(SolutionProperties) = preSolution
		HideSolutionNode = FALSE
	EndGlobalSection
	GlobalSection(NestedProjects) = preSolution
		{978C5C65-3922-481D-A71F-49719CEC1F54} = {D6DDDC8E-C2B4-466A-ACDA-773F65C958B7}
		{9AA2FF31-5CA0-4C0D-B619-D5C08BB11E0B} = {55B6B6EB-397B-491F-97B6-D716588F88D7}
		{99602768-2304-4CB4-BF35-9B3690E12231} = {322F6E5F-A047-475D-B6AE-69F6075C204F}
		{0842F5A9-6080-4776-8D69-25D265531A09} = {322F6E5F-A047-475D-B6AE-69F6075C204F}
		{D6DDDC8E-C2B4-466A-ACDA-773F65C958B7} = {68D51426-7053-419F-9595-569076D7BDB3}
		{45183123-9901-4BC4-99AD-EBF33EEC6990} = {716ED786-1EEB-44C0-9694-95DAF1912FCD}
		{63017E03-35CB-46C1-9934-D2D231E81410} = {716ED786-1EEB-44C0-9694-95DAF1912FCD}
	EndGlobalSection
	GlobalSection(ExtensibilityGlobals) = postSolution
		SolutionGuid = {9083839E-85B1-42A4-A757-67D3D19A2977}
	EndGlobalSection
EndGlobal
